// !$*UTF8*$!
{
	archiveVersion = 1;
	classes = {
	};
	objectVersion = 50;
	objects = {

/* Begin PBXBuildFile section */
		3169B26C20CA74B800A26889 /* ExcersieViewController.swift in Sources */ = {isa = PBXBuildFile; fileRef = 3169B26B20CA74B800A26889 /* ExcersieViewController.swift */; };
		318AAFF120C4F14000D2A78E /* QuckLookViewController.swift in Sources */ = {isa = PBXBuildFile; fileRef = 318AAFF020C4F14000D2A78E /* QuckLookViewController.swift */; };
		31B0C29020BFA1A600A17BF7 /* AppDelegate.swift in Sources */ = {isa = PBXBuildFile; fileRef = 31B0C28F20BFA1A600A17BF7 /* AppDelegate.swift */; };
		31B0C29220BFA1A600A17BF7 /* ViewController.swift in Sources */ = {isa = PBXBuildFile; fileRef = 31B0C29120BFA1A600A17BF7 /* ViewController.swift */; };
		31B0C29520BFA1A600A17BF7 /* Main.storyboard in Resources */ = {isa = PBXBuildFile; fileRef = 31B0C29320BFA1A600A17BF7 /* Main.storyboard */; };
		31B0C29720BFA1A800A17BF7 /* Assets.xcassets in Resources */ = {isa = PBXBuildFile; fileRef = 31B0C29620BFA1A800A17BF7 /* Assets.xcassets */; };
		31B0C29A20BFA1A800A17BF7 /* LaunchScreen.storyboard in Resources */ = {isa = PBXBuildFile; fileRef = 31B0C29820BFA1A800A17BF7 /* LaunchScreen.storyboard */; };
/* End PBXBuildFile section */

/* Begin PBXFileReference section */
		3169B26B20CA74B800A26889 /* ExcersieViewController.swift */ = {isa = PBXFileReference; lastKnownFileType = sourcecode.swift; path = ExcersieViewController.swift; sourceTree = "<group>"; };
		318AAFF020C4F14000D2A78E /* QuckLookViewController.swift */ = {isa = PBXFileReference; lastKnownFileType = sourcecode.swift; path = QuckLookViewController.swift; sourceTree = "<group>"; };
		31B0C28C20BFA1A600A17BF7 /* SeniorFunc.app */ = {isa = PBXFileReference; explicitFileType = wrapper.application; includeInIndex = 0; path = SeniorFunc.app; sourceTree = BUILT_PRODUCTS_DIR; };
		31B0C28F20BFA1A600A17BF7 /* AppDelegate.swift */ = {isa = PBXFileReference; lastKnownFileType = sourcecode.swift; path = AppDelegate.swift; sourceTree = "<group>"; };
		31B0C29120BFA1A600A17BF7 /* ViewController.swift */ = {isa = PBXFileReference; lastKnownFileType = sourcecode.swift; path = ViewController.swift; sourceTree = "<group>"; };
		31B0C29420BFA1A600A17BF7 /* Base */ = {isa = PBXFileReference; lastKnownFileType = file.storyboard; name = Base; path = Base.lproj/Main.storyboard; sourceTree = "<group>"; };
		31B0C29620BFA1A800A17BF7 /* Assets.xcassets */ = {isa = PBXFileReference; lastKnownFileType = folder.assetcatalog; path = Assets.xcassets; sourceTree = "<group>"; };
		31B0C29920BFA1A800A17BF7 /* Base */ = {isa = PBXFileReference; lastKnownFileType = file.storyboard; name = Base; path = Base.lproj/LaunchScreen.storyboard; sourceTree = "<group>"; };
		31B0C29B20BFA1A800A17BF7 /* Info.plist */ = {isa = PBXFileReference; lastKnownFileType = text.plist.xml; path = Info.plist; sourceTree = "<group>"; };
/* End PBXFileReference section */

/* Begin PBXFrameworksBuildPhase section */
		31B0C28920BFA1A600A17BF7 /* Frameworks */ = {
			isa = PBXFrameworksBuildPhase;
			buildActionMask = 2147483647;
			files = (
			);
			runOnlyForDeploymentPostprocessing = 0;
		};
/* End PBXFrameworksBuildPhase section */

/* Begin PBXGroup section */
		31B0C28320BFA1A600A17BF7 = {
			isa = PBXGroup;
			children = (
				31B0C28E20BFA1A600A17BF7 /* SeniorFunc */,
				31B0C28D20BFA1A600A17BF7 /* Products */,
			);
			sourceTree = "<group>";
		};
		31B0C28D20BFA1A600A17BF7 /* Products */ = {
			isa = PBXGroup;
			children = (
				31B0C28C20BFA1A600A17BF7 /* SeniorFunc.app */,
			);
			name = Products;
			sourceTree = "<group>";
		};
		31B0C28E20BFA1A600A17BF7 /* SeniorFunc */ = {
			isa = PBXGroup;
			children = (
				31B0C28F20BFA1A600A17BF7 /* AppDelegate.swift */,
				31B0C29120BFA1A600A17BF7 /* ViewController.swift */,
				318AAFF020C4F14000D2A78E /* QuckLookViewController.swift */,
				31B0C29320BFA1A600A17BF7 /* Main.storyboard */,
				31B0C29620BFA1A800A17BF7 /* Assets.xcassets */,
				31B0C29820BFA1A800A17BF7 /* LaunchScreen.storyboard */,
				31B0C29B20BFA1A800A17BF7 /* Info.plist */,
				3169B26B20CA74B800A26889 /* ExcersieViewController.swift */,
			);
			path = SeniorFunc;
			sourceTree = "<group>";
		};
/* End PBXGroup section */

/* Begin PBXNativeTarget section */
		31B0C28B20BFA1A600A17BF7 /* SeniorFunc */ = {
			isa = PBXNativeTarget;
			buildConfigurationList = 31B0C29E20BFA1A800A17BF7 /* Build configuration list for PBXNativeTarget "SeniorFunc" */;
			buildPhases = (
				31B0C28820BFA1A600A17BF7 /* Sources */,
				31B0C28920BFA1A600A17BF7 /* Frameworks */,
				31B0C28A20BFA1A600A17BF7 /* Resources */,
			);
			buildRules = (
			);
			dependencies = (
			);
			name = SeniorFunc;
			productName = SeniorFunc;
			productReference = 31B0C28C20BFA1A600A17BF7 /* SeniorFunc.app */;
			productType = "com.apple.product-type.application";
		};
/* End PBXNativeTarget section */

/* Begin PBXProject section */
		31B0C28420BFA1A600A17BF7 /* Project object */ = {
			isa = PBXProject;
			attributes = {
				LastSwiftUpdateCheck = 0940;
				LastUpgradeCheck = 0940;
				ORGANIZATIONNAME = lanjiying;
				TargetAttributes = {
					31B0C28B20BFA1A600A17BF7 = {
						CreatedOnToolsVersion = 9.4;
					};
				};
			};
			buildConfigurationList = 31B0C28720BFA1A600A17BF7 /* Build configuration list for PBXProject "SeniorFunc" */;
			compatibilityVersion = "Xcode 9.3";
			developmentRegion = en;
			hasScannedForEncodings = 0;
			knownRegions = (
				en,
				Base,
			);
			mainGroup = 31B0C28320BFA1A600A17BF7;
			productRefGroup = 31B0C28D20BFA1A600A17BF7 /* Products */;
			projectDirPath = "";
			projectRoot = "";
			targets = (
				31B0C28B20BFA1A600A17BF7 /* SeniorFunc */,
			);
		};
/* End PBXProject section */

/* Begin PBXResourcesBuildPhase section */
		31B0C28A20BFA1A600A17BF7 /* Resources */ = {
			isa = PBXResourcesBuildPhase;
			buildActionMask = 2147483647;
			files = (
				31B0C29A20BFA1A800A17BF7 /* LaunchScreen.storyboard in Resources */,
				31B0C29720BFA1A800A17BF7 /* Assets.xcassets in Resources */,
				31B0C29520BFA1A600A17BF7 /* Main.storyboard in Resources */,
			);
			runOnlyForDeploymentPostprocessing = 0;
		};
/* End PBXResourcesBuildPhase section */

/* Begin PBXSourcesBuildPhase section */
		31B0C28820BFA1A600A17BF7 /* Sources */ = {
			isa = PBXSourcesBuildPhase;
			buildActionMask = 2147483647;
			files = (
				318AAFF120C4F14000D2A78E /* QuckLookViewController.swift in Sources */,
				31B0C29220BFA1A600A17BF7 /* ViewController.swift in Sources */,
				3169B26C20CA74B800A26889 /* ExcersieViewController.swift in Sources */,
				31B0C29020BFA1A600A17BF7 /* AppDelegate.swift in Sources */,
			);
			runOnlyForDeploymentPostprocessing = 0;
		};
/* End PBXSourcesBuildPhase section */

/* Begin PBXVariantGroup section */
		31B0C29320BFA1A600A17BF7 /* Main.storyboard */ = {
			isa = PBXVariantGroup;
			children = (
				31B0C29420BFA1A600A17BF7 /* Base */,
			);
			name = Main.storyboard;
			sourceTree = "<group>";
		};
		31B0C29820BFA1A800A17BF7 /* LaunchScreen.storyboard */ = {
			isa = PBXVariantGroup;
			children = (
				31B0C29920BFA1A800A17BF7 /* Base */,
			);
			name = LaunchScreen.storyboard;
			sourceTree = "<group>";
		};
/* End PBXVariantGroup section */

/* Begin XCBuildConfiguration section */
		31B0C29C20BFA1A800A17BF7 /* Debug */ = {
			isa = XCBuildConfiguration;
			buildSettings = {
				ALWAYS_SEARCH_USER_PATHS = NO;
				CLANG_ANALYZER_NONNULL = YES;
				CLANG_ANALYZER_NUMBER_OBJECT_CONVERSION = YES_AGGRESSIVE;
				CLANG_CXX_LANGUAGE_STANDARD = "gnu++14";
				CLANG_CXX_LIBRARY = "libc++";
				CLANG_ENABLE_MODULES = YES;
				CLANG_ENABLE_OBJC_ARC = YES;
				CLANG_ENABLE_OBJC_WEAK = YES;
				CLANG_WARN_BLOCK_CAPTURE_AUTORELEASING = YES;
				CLANG_WARN_BOOL_CONVERSION = YES;
				CLANG_WARN_COMMA = YES;
				CLANG_WARN_CONSTANT_CONVERSION = YES;
				CLANG_WARN_DEPRECATED_OBJC_IMPLEMENTATIONS = YES;
				CLANG_WARN_DIRECT_OBJC_ISA_USAGE = YES_ERROR;
				CLANG_WARN_DOCUMENTATION_COMMENTS = YES;
				CLANG_WARN_EMPTY_BODY = YES;
				CLANG_WARN_ENUM_CONVERSION = YES;
				CLANG_WARN_INFINITE_RECURSION = YES;
				CLANG_WARN_INT_CONVERSION = YES;
				CLANG_WARN_NON_LITERAL_NULL_CONVERSION = YES;
				CLANG_WARN_OBJC_IMPLICIT_RETAIN_SELF = YES;
				CLANG_WARN_OBJC_LITERAL_CONVERSION = YES;
				CLANG_WARN_OBJC_ROOT_CLASS = YES_ERROR;
				CLANG_WARN_RANGE_LOOP_ANALYSIS = YES;
				CLANG_WARN_STRICT_PROTOTYPES = YES;
				CLANG_WARN_SUSPICIOUS_MOVE = YES;
				CLANG_WARN_UNGUARDED_AVAILABILITY = YES_AGGRESSIVE;
				CLANG_WARN_UNREACHABLE_CODE = YES;
				CLANG_WARN__DUPLICATE_METHOD_MATCH = YES;
				CODE_SIGN_IDENTITY = "iPhone Developer";
				COPY_PHASE_STRIP = NO;
				DEBUG_INFORMATION_FORMAT = dwarf;
				ENABLE_STRICT_OBJC_MSGSEND = YES;
				ENABLE_TESTABILITY = YES;
				GCC_C_LANGUAGE_STANDARD = gnu11;
				GCC_DYNAMIC_NO_PIC = NO;
				GCC_NO_COMMON_BLOCKS = YES;
				GCC_OPTIMIZATION_LEVEL = 0;
				GCC_PREPROCESSOR_DEFINITIONS = (
					"DEBUG=1",
					"$(inherited)",
				);
				GCC_WARN_64_TO_32_BIT_CONVERSION = YES;
				GCC_WARN_ABOUT_RETURN_TYPE = YES_ERROR;
				GCC_WARN_UNDECLARED_SELECTOR = YES;
				GCC_WARN_UNINITIALIZED_AUTOS = YES_AGGRESSIVE;
				GCC_WARN_UNUSED_FUNCTION = YES;
				GCC_WARN_UNUSED_VARIABLE = YES;
				IPHONEOS_DEPLOYMENT_TARGET = 11.4;
				MTL_ENABLE_DEBUG_INFO = YES;
				ONLY_ACTIVE_ARCH = YES;
				SDKROOT = iphoneos;
				SWIFT_ACTIVE_COMPILATION_CONDITIONS = DEBUG;
				SWIFT_OPTIMIZATION_LEVEL = "-Onone";
			};
			name = Debug;
		};
		31B0C29D20BFA1A800A17BF7 /* Release */ = {
			isa = XCBuildConfiguration;
			buildSettings = {
				ALWAYS_SEARCH_USER_PATHS = NO;
				CLANG_ANALYZER_NONNULL = YES;
				CLANG_ANALYZER_NUMBER_OBJECT_CONVERSION = YES_AGGRESSIVE;
				CLANG_CXX_LANGUAGE_STANDARD = "gnu++14";
				CLANG_CXX_LIBRARY = "libc++";
				CLANG_ENABLE_MODULES = YES;
				CLANG_ENABLE_OBJC_ARC = YES;
				CLANG_ENABLE_OBJC_WEAK = YES;
				CLANG_WARN_BLOCK_CAPTURE_AUTORELEASING = YES;
				CLANG_WARN_BOOL_CONVERSION = YES;
				CLANG_WARN_COMMA = YES;
				CLANG_WARN_CONSTANT_CONVERSION = YES;
				CLANG_WARN_DEPRECATED_OBJC_IMPLEMENTATIONS = YES;
				CLANG_WARN_DIRECT_OBJC_ISA_USAGE = YES_ERROR;
				CLANG_WARN_DOCUMENTATION_COMMENTS = YES;
				CLANG_WARN_EMPTY_BODY = YES;
				CLANG_WARN_ENUM_CONVERSION = YES;
				CLANG_WARN_INFINITE_RECURSION = YES;
				CLANG_WARN_INT_CONVERSION = YES;
				CLANG_WARN_NON_LITERAL_NULL_CONVERSION = YES;
				CLANG_WARN_OBJC_IMPLICIT_RETAIN_SELF = YES;
				CLANG_WARN_OBJC_LITERAL_CONVERSION = YES;
				CLANG_WARN_OBJC_ROOT_CLASS = YES_ERROR;
				CLANG_WARN_RANGE_LOOP_ANALYSIS = YES;
				CLANG_WARN_STRICT_PROTOTYPES = YES;
				CLANG_WARN_SUSPICIOUS_MOVE = YES;
				CLANG_WARN_UNGUARDED_AVAILABILITY = YES_AGGRESSIVE;
				CLANG_WARN_UNREACHABLE_CODE = YES;
				CLANG_WARN__DUPLICATE_METHOD_MATCH = YES;
				CODE_SIGN_IDENTITY = "iPhone Developer";
				COPY_PHASE_STRIP = NO;
				DEBUG_INFORMATION_FORMAT = "dwarf-with-dsym";
				ENABLE_NS_ASSERTIONS = NO;
				ENABLE_STRICT_OBJC_MSGSEND = YES;
				GCC_C_LANGUAGE_STANDARD = gnu11;
				GCC_NO_COMMON_BLOCKS = YES;
				GCC_WARN_64_TO_32_BIT_CONVERSION = YES;
				GCC_WARN_ABOUT_RETURN_TYPE = YES_ERROR;
				GCC_WARN_UNDECLARED_SELECTOR = YES;
				GCC_WARN_UNINITIALIZED_AUTOS = YES_AGGRESSIVE;
				GCC_WARN_UNUSED_FUNCTION = YES;
				GCC_WARN_UNUSED_VARIABLE = YES;
				IPHONEOS_DEPLOYMENT_TARGET = 11.4;
				MTL_ENABLE_DEBUG_INFO = NO;
				SDKROOT = iphoneos;
				SWIFT_COMPILATION_MODE = wholemodule;
				SWIFT_OPTIMIZATION_LEVEL = "-O";
				VALIDATE_PRODUCT = YES;
			};
			name = Release;
		};
		31B0C29F20BFA1A800A17BF7 /* Debug */ = {
			isa = XCBuildConfiguration;
			buildSettings = {
				ASSETCATALOG_COMPILER_APPICON_NAME = AppIcon;
				CODE_SIGN_STYLE = Automatic;
				INFOPLIST_FILE = SeniorFunc/Info.plist;
				LD_RUNPATH_SEARCH_PATHS = (
					"$(inherited)",
					"@executable_path/Frameworks",
				);
				PRODUCT_BUNDLE_IDENTIFIER = com.shideGroup.SeniorFunc;
				PRODUCT_NAME = "$(TARGET_NAME)";
				SWIFT_VERSION = 4.0;
				TARGETED_DEVICE_FAMILY = "1,2";
			};
			name = Debug;
		};
		31B0C2A020BFA1A800A17BF7 /* Release */ = {
			isa = XCBuildConfiguration;
			buildSettings = {
				ASSETCATALOG_COMPILER_APPICON_NAME = AppIcon;
				CODE_SIGN_STYLE = Automatic;
				INFOPLIST_FILE = SeniorFunc/Info.plist;
				LD_RUNPATH_SEARCH_PATHS = (
					"$(inherited)",
					"@executable_path/Frameworks",
				);
				PRODUCT_BUNDLE_IDENTIFIER = com.shideGroup.SeniorFunc;
				PRODUCT_NAME = "$(TARGET_NAME)";
				SWIFT_VERSION = 4.0;
				TARGETED_DEVICE_FAMILY = "1,2";
			};
			name = Release;
		};
/* End XCBuildConfiguration section */

/* Begin XCConfigurationList section */
		31B0C28720BFA1A600A17BF7 /* Build configuration list for PBXProject "SeniorFunc" */ = {
			isa = XCConfigurationList;
			buildConfigurations = (
				31B0C29C20BFA1A800A17BF7 /* Debug */,
				31B0C29D20BFA1A800A17BF7 /* Release */,
			);
			defaultConfigurationIsVisible = 0;
			defaultConfigurationName = Release;
		};
		31B0C29E20BFA1A800A17BF7 /* Build configuration list for PBXNativeTarget "SeniorFunc" */ = {
			isa = XCConfigurationList;
			buildConfigurations = (
				31B0C29F20BFA1A800A17BF7 /* Debug */,
				31B0C2A020BFA1A800A17BF7 /* Release */,
			);
			defaultConfigurationIsVisible = 0;
			defaultConfigurationName = Release;
		};
/* End XCConfigurationList section */
	};
	rootObject = 31B0C28420BFA1A600A17BF7 /* Project object */;
}
